// !$*UTF8*$!
{
	archiveVersion = 1;
	classes = {
	};
	objectVersion = 56;
	objects = {

/* Begin PBXBuildFile section */
		E03490822AA23DC700F31E1D /* AppDelegate.swift in Sources */ = {isa = PBXBuildFile; fileRef = E03490812AA23DC700F31E1D /* AppDelegate.swift */; };
		E03490842AA23DC700F31E1D /* SceneDelegate.swift in Sources */ = {isa = PBXBuildFile; fileRef = E03490832AA23DC700F31E1D /* SceneDelegate.swift */; };
		E03490862AA23DC700F31E1D /* HomeTableViewController.swift in Sources */ = {isa = PBXBuildFile; fileRef = E03490852AA23DC700F31E1D /* HomeTableViewController.swift */; };
		E034908B2AA23DC900F31E1D /* Assets.xcassets in Resources */ = {isa = PBXBuildFile; fileRef = E034908A2AA23DC900F31E1D /* Assets.xcassets */; };
		E034908E2AA23DC900F31E1D /* LaunchScreen.storyboard in Resources */ = {isa = PBXBuildFile; fileRef = E034908C2AA23DC900F31E1D /* LaunchScreen.storyboard */; };
		E034909A2AA2405800F31E1D /* HomeTableViewCell.swift in Sources */ = {isa = PBXBuildFile; fileRef = E03490992AA2405800F31E1D /* HomeTableViewCell.swift */; };
		E0B062FD2AB79E0C00F9ADE1 /* Car.swift in Sources */ = {isa = PBXBuildFile; fileRef = E0B062FC2AB79E0C00F9ADE1 /* Car.swift */; };
/* End PBXBuildFile section */

/* Begin PBXFileReference section */
		E034907E2AA23DC700F31E1D /* desafioTableView.app */ = {isa = PBXFileReference; explicitFileType = wrapper.application; includeInIndex = 0; path = desafioTableView.app; sourceTree = BUILT_PRODUCTS_DIR; };
		E03490812AA23DC700F31E1D /* AppDelegate.swift */ = {isa = PBXFileReference; lastKnownFileType = sourcecode.swift; path = AppDelegate.swift; sourceTree = "<group>"; };
		E03490832AA23DC700F31E1D /* SceneDelegate.swift */ = {isa = PBXFileReference; lastKnownFileType = sourcecode.swift; path = SceneDelegate.swift; sourceTree = "<group>"; };
		E03490852AA23DC700F31E1D /* HomeTableViewController.swift */ = {isa = PBXFileReference; lastKnownFileType = sourcecode.swift; path = HomeTableViewController.swift; sourceTree = "<group>"; };
		E034908A2AA23DC900F31E1D /* Assets.xcassets */ = {isa = PBXFileReference; lastKnownFileType = folder.assetcatalog; path = Assets.xcassets; sourceTree = "<group>"; };
		E034908D2AA23DC900F31E1D /* Base */ = {isa = PBXFileReference; lastKnownFileType = file.storyboard; name = Base; path = Base.lproj/LaunchScreen.storyboard; sourceTree = "<group>"; };
		E034908F2AA23DC900F31E1D /* Info.plist */ = {isa = PBXFileReference; lastKnownFileType = text.plist.xml; path = Info.plist; sourceTree = "<group>"; };
		E03490992AA2405800F31E1D /* HomeTableViewCell.swift */ = {isa = PBXFileReference; lastKnownFileType = sourcecode.swift; path = HomeTableViewCell.swift; sourceTree = "<group>"; };
		E0B062FC2AB79E0C00F9ADE1 /* Car.swift */ = {isa = PBXFileReference; lastKnownFileType = sourcecode.swift; path = Car.swift; sourceTree = "<group>"; };
/* End PBXFileReference section */

/* Begin PBXFrameworksBuildPhase section */
		E034907B2AA23DC700F31E1D /* Frameworks */ = {
			isa = PBXFrameworksBuildPhase;
			buildActionMask = 2147483647;
			files = (
			);
			runOnlyForDeploymentPostprocessing = 0;
		};
/* End PBXFrameworksBuildPhase section */

/* Begin PBXGroup section */
		E03490752AA23DC700F31E1D = {
			isa = PBXGroup;
			children = (
				E03490802AA23DC700F31E1D /* desafioTableView */,
				E034907F2AA23DC700F31E1D /* Products */,
			);
			sourceTree = "<group>";
		};
		E034907F2AA23DC700F31E1D /* Products */ = {
			isa = PBXGroup;
			children = (
				E034907E2AA23DC700F31E1D /* desafioTableView.app */,
			);
			name = Products;
			sourceTree = "<group>";
		};
		E03490802AA23DC700F31E1D /* desafioTableView */ = {
			isa = PBXGroup;
			children = (
				E0B062FE2AB79E1200F9ADE1 /* Model */,
				E03490972AA23E6600F31E1D /* Views */,
				E03490962AA23E5200F31E1D /* Aplication */,
				E03490952AA23E3C00F31E1D /* Assets */,
				E034908F2AA23DC900F31E1D /* Info.plist */,
			);
			path = desafioTableView;
			sourceTree = "<group>";
		};
		E03490952AA23E3C00F31E1D /* Assets */ = {
			isa = PBXGroup;
			children = (
				E034908A2AA23DC900F31E1D /* Assets.xcassets */,
			);
			path = Assets;
			sourceTree = "<group>";
		};
		E03490962AA23E5200F31E1D /* Aplication */ = {
			isa = PBXGroup;
			children = (
				E03490812AA23DC700F31E1D /* AppDelegate.swift */,
				E03490832AA23DC700F31E1D /* SceneDelegate.swift */,
				E034908C2AA23DC900F31E1D /* LaunchScreen.storyboard */,
			);
			path = Aplication;
			sourceTree = "<group>";
		};
		E03490972AA23E6600F31E1D /* Views */ = {
			isa = PBXGroup;
			children = (
				E03490982AA2404600F31E1D /* Cell */,
				E03490852AA23DC700F31E1D /* HomeTableViewController.swift */,
			);
			path = Views;
			sourceTree = "<group>";
		};
		E03490982AA2404600F31E1D /* Cell */ = {
			isa = PBXGroup;
			children = (
				E03490992AA2405800F31E1D /* HomeTableViewCell.swift */,
			);
			path = Cell;
			sourceTree = "<group>";
		};
		E0B062FE2AB79E1200F9ADE1 /* Model */ = {
			isa = PBXGroup;
			children = (
				E0B062FC2AB79E0C00F9ADE1 /* Car.swift */,
			);
			path = Model;
			sourceTree = "<group>";
		};
/* End PBXGroup section */

/* Begin PBXNativeTarget section */
		E034907D2AA23DC700F31E1D /* desafioTableView */ = {
			isa = PBXNativeTarget;
			buildConfigurationList = E03490922AA23DC900F31E1D /* Build configuration list for PBXNativeTarget "desafioTableView" */;
			buildPhases = (
				E034907A2AA23DC700F31E1D /* Sources */,
				E034907B2AA23DC700F31E1D /* Frameworks */,
				E034907C2AA23DC700F31E1D /* Resources */,
			);
			buildRules = (
			);
			dependencies = (
			);
			name = desafioTableView;
			productName = desafioTableView;
			productReference = E034907E2AA23DC700F31E1D /* desafioTableView.app */;
			productType = "com.apple.product-type.application";
		};
/* End PBXNativeTarget section */

/* Begin PBXProject section */
		E03490762AA23DC700F31E1D /* Project object */ = {
			isa = PBXProject;
			attributes = {
				BuildIndependentTargetsInParallel = 1;
				LastSwiftUpdateCheck = 1430;
				LastUpgradeCheck = 1430;
				TargetAttributes = {
					E034907D2AA23DC700F31E1D = {
						CreatedOnToolsVersion = 14.3.1;
					};
				};
			};
			buildConfigurationList = E03490792AA23DC700F31E1D /* Build configuration list for PBXProject "desafioTableView" */;
			compatibilityVersion = "Xcode 14.0";
			developmentRegion = en;
			hasScannedForEncodings = 0;
			knownRegions = (
				en,
				Base,
			);
			mainGroup = E03490752AA23DC700F31E1D;
			productRefGroup = E034907F2AA23DC700F31E1D /* Products */;
			projectDirPath = "";
			projectRoot = "";
			targets = (
				E034907D2AA23DC700F31E1D /* desafioTableView */,
			);
		};
/* End PBXProject section */

/* Begin PBXResourcesBuildPhase section */
		E034907C2AA23DC700F31E1D /* Resources */ = {
			isa = PBXResourcesBuildPhase;
			buildActionMask = 2147483647;
			files = (
				E034908E2AA23DC900F31E1D /* LaunchScreen.storyboard in Resources */,
				E034908B2AA23DC900F31E1D /* Assets.xcassets in Resources */,
			);
			runOnlyForDeploymentPostprocessing = 0;
		};
/* End PBXResourcesBuildPhase section */

/* Begin PBXSourcesBuildPhase section */
		E034907A2AA23DC700F31E1D /* Sources */ = {
			isa = PBXSourcesBuildPhase;
			buildActionMask = 2147483647;
			files = (
				E03490862AA23DC700F31E1D /* HomeTableViewController.swift in Sources */,
				E03490822AA23DC700F31E1D /* AppDelegate.swift in Sources */,
				E0B062FD2AB79E0C00F9ADE1 /* Car.swift in Sources */,
				E034909A2AA2405800F31E1D /* HomeTableViewCell.swift in Sources */,
				E03490842AA23DC700F31E1D /* SceneDelegate.swift in Sources */,
			);
			runOnlyForDeploymentPostprocessing = 0;
		};
/* End PBXSourcesBuildPhase section */

/* Begin PBXVariantGroup section */
		E034908C2AA23DC900F31E1D /* LaunchScreen.storyboard */ = {
			isa = PBXVariantGroup;
			children = (
				E034908D2AA23DC900F31E1D /* Base */,
			);
			name = LaunchScreen.storyboard;
			sourceTree = "<group>";
		};
/* End PBXVariantGroup section */

/* Begin XCBuildConfiguration section */
		E03490902AA23DC900F31E1D /* Debug */ = {
			isa = XCBuildConfiguration;
			buildSettings = {
				ALWAYS_SEARCH_USER_PATHS = NO;
				CLANG_ANALYZER_NONNULL = YES;
				CLANG_ANALYZER_NUMBER_OBJECT_CONVERSION = YES_AGGRESSIVE;
				CLANG_CXX_LANGUAGE_STANDARD = "gnu++20";
				CLANG_ENABLE_MODULES = YES;
				CLANG_ENABLE_OBJC_ARC = YES;
				CLANG_ENABLE_OBJC_WEAK = YES;
				CLANG_WARN_BLOCK_CAPTURE_AUTORELEASING = YES;
				CLANG_WARN_BOOL_CONVERSION = YES;
				CLANG_WARN_COMMA = YES;
				CLANG_WARN_CONSTANT_CONVERSION = YES;
				CLANG_WARN_DEPRECATED_OBJC_IMPLEMENTATIONS = YES;
				CLANG_WARN_DIRECT_OBJC_ISA_USAGE = YES_ERROR;
				CLANG_WARN_DOCUMENTATION_COMMENTS = YES;
				CLANG_WARN_EMPTY_BODY = YES;
				CLANG_WARN_ENUM_CONVERSION = YES;
				CLANG_WARN_INFINITE_RECURSION = YES;
				CLANG_WARN_INT_CONVERSION = YES;
				CLANG_WARN_NON_LITERAL_NULL_CONVERSION = YES;
				CLANG_WARN_OBJC_IMPLICIT_RETAIN_SELF = YES;
				CLANG_WARN_OBJC_LITERAL_CONVERSION = YES;
				CLANG_WARN_OBJC_ROOT_CLASS = YES_ERROR;
				CLANG_WARN_QUOTED_INCLUDE_IN_FRAMEWORK_HEADER = YES;
				CLANG_WARN_RANGE_LOOP_ANALYSIS = YES;
				CLANG_WARN_STRICT_PROTOTYPES = YES;
				CLANG_WARN_SUSPICIOUS_MOVE = YES;
				CLANG_WARN_UNGUARDED_AVAILABILITY = YES_AGGRESSIVE;
				CLANG_WARN_UNREACHABLE_CODE = YES;
				CLANG_WARN__DUPLICATE_METHOD_MATCH = YES;
				COPY_PHASE_STRIP = NO;
				DEBUG_INFORMATION_FORMAT = dwarf;
				ENABLE_STRICT_OBJC_MSGSEND = YES;
				ENABLE_TESTABILITY = YES;
				GCC_C_LANGUAGE_STANDARD = gnu11;
				GCC_DYNAMIC_NO_PIC = NO;
				GCC_NO_COMMON_BLOCKS = YES;
				GCC_OPTIMIZATION_LEVEL = 0;
				GCC_PREPROCESSOR_DEFINITIONS = (
					"DEBUG=1",
					"$(inherited)",
				);
				GCC_WARN_64_TO_32_BIT_CONVERSION = YES;
				GCC_WARN_ABOUT_RETURN_TYPE = YES_ERROR;
				GCC_WARN_UNDECLARED_SELECTOR = YES;
				GCC_WARN_UNINITIALIZED_AUTOS = YES_AGGRESSIVE;
				GCC_WARN_UNUSED_FUNCTION = YES;
				GCC_WARN_UNUSED_VARIABLE = YES;
				IPHONEOS_DEPLOYMENT_TARGET = 16.4;
				MTL_ENABLE_DEBUG_INFO = INCLUDE_SOURCE;
				MTL_FAST_MATH = YES;
				ONLY_ACTIVE_ARCH = YES;
				SDKROOT = iphoneos;
				SWIFT_ACTIVE_COMPILATION_CONDITIONS = DEBUG;
				SWIFT_OPTIMIZATION_LEVEL = "-Onone";
			};
			name = Debug;
		};
		E03490912AA23DC900F31E1D /* Release */ = {
			isa = XCBuildConfiguration;
			buildSettings = {
				ALWAYS_SEARCH_USER_PATHS = NO;
				CLANG_ANALYZER_NONNULL = YES;
				CLANG_ANALYZER_NUMBER_OBJECT_CONVERSION = YES_AGGRESSIVE;
				CLANG_CXX_LANGUAGE_STANDARD = "gnu++20";
				CLANG_ENABLE_MODULES = YES;
				CLANG_ENABLE_OBJC_ARC = YES;
				CLANG_ENABLE_OBJC_WEAK = YES;
				CLANG_WARN_BLOCK_CAPTURE_AUTORELEASING = YES;
				CLANG_WARN_BOOL_CONVERSION = YES;
				CLANG_WARN_COMMA = YES;
				CLANG_WARN_CONSTANT_CONVERSION = YES;
				CLANG_WARN_DEPRECATED_OBJC_IMPLEMENTATIONS = YES;
				CLANG_WARN_DIRECT_OBJC_ISA_USAGE = YES_ERROR;
				CLANG_WARN_DOCUMENTATION_COMMENTS = YES;
				CLANG_WARN_EMPTY_BODY = YES;
				CLANG_WARN_ENUM_CONVERSION = YES;
				CLANG_WARN_INFINITE_RECURSION = YES;
				CLANG_WARN_INT_CONVERSION = YES;
				CLANG_WARN_NON_LITERAL_NULL_CONVERSION = YES;
				CLANG_WARN_OBJC_IMPLICIT_RETAIN_SELF = YES;
				CLANG_WARN_OBJC_LITERAL_CONVERSION = YES;
				CLANG_WARN_OBJC_ROOT_CLASS = YES_ERROR;
				CLANG_WARN_QUOTED_INCLUDE_IN_FRAMEWORK_HEADER = YES;
				CLANG_WARN_RANGE_LOOP_ANALYSIS = YES;
				CLANG_WARN_STRICT_PROTOTYPES = YES;
				CLANG_WARN_SUSPICIOUS_MOVE = YES;
				CLANG_WARN_UNGUARDED_AVAILABILITY = YES_AGGRESSIVE;
				CLANG_WARN_UNREACHABLE_CODE = YES;
				CLANG_WARN__DUPLICATE_METHOD_MATCH = YES;
				COPY_PHASE_STRIP = NO;
				DEBUG_INFORMATION_FORMAT = "dwarf-with-dsym";
				ENABLE_NS_ASSERTIONS = NO;
				ENABLE_STRICT_OBJC_MSGSEND = YES;
				GCC_C_LANGUAGE_STANDARD = gnu11;
				GCC_NO_COMMON_BLOCKS = YES;
				GCC_WARN_64_TO_32_BIT_CONVERSION = YES;
				GCC_WARN_ABOUT_RETURN_TYPE = YES_ERROR;
				GCC_WARN_UNDECLARED_SELECTOR = YES;
				GCC_WARN_UNINITIALIZED_AUTOS = YES_AGGRESSIVE;
				GCC_WARN_UNUSED_FUNCTION = YES;
				GCC_WARN_UNUSED_VARIABLE = YES;
				IPHONEOS_DEPLOYMENT_TARGET = 16.4;
				MTL_ENABLE_DEBUG_INFO = NO;
				MTL_FAST_MATH = YES;
				SDKROOT = iphoneos;
				SWIFT_COMPILATION_MODE = wholemodule;
				SWIFT_OPTIMIZATION_LEVEL = "-O";
				VALIDATE_PRODUCT = YES;
			};
			name = Release;
		};
		E03490932AA23DC900F31E1D /* Debug */ = {
			isa = XCBuildConfiguration;
			buildSettings = {
				ASSETCATALOG_COMPILER_APPICON_NAME = AppIcon;
				ASSETCATALOG_COMPILER_GLOBAL_ACCENT_COLOR_NAME = AccentColor;
				CODE_SIGN_STYLE = Automatic;
				CURRENT_PROJECT_VERSION = 1;
				DEVELOPMENT_TEAM = WXQ8GLHA2M;
				GENERATE_INFOPLIST_FILE = YES;
				INFOPLIST_FILE = desafioTableView/Info.plist;
				INFOPLIST_KEY_UIApplicationSupportsIndirectInputEvents = YES;
				INFOPLIST_KEY_UILaunchStoryboardName = LaunchScreen;
				INFOPLIST_KEY_UISupportedInterfaceOrientations_iPad = "UIInterfaceOrientationPortrait UIInterfaceOrientationPortraitUpsideDown UIInterfaceOrientationLandscapeLeft UIInterfaceOrientationLandscapeRight";
				INFOPLIST_KEY_UISupportedInterfaceOrientations_iPhone = "UIInterfaceOrientationPortrait UIInterfaceOrientationLandscapeLeft UIInterfaceOrientationLandscapeRight";
				LD_RUNPATH_SEARCH_PATHS = (
					"$(inherited)",
					"@executable_path/Frameworks",
				);
				MARKETING_VERSION = 1.0;
				PRODUCT_BUNDLE_IDENTIFIER = br.com.spedaLeticia.desafioTableView;
				PRODUCT_NAME = "$(TARGET_NAME)";
				SWIFT_EMIT_LOC_STRINGS = YES;
				SWIFT_VERSION = 5.0;
				TARGETED_DEVICE_FAMILY = "1,2";
			};
			name = Debug;
		};
		E03490942AA23DC900F31E1D /* Release */ = {
			isa = XCBuildConfiguration;
			buildSettings = {
				ASSETCATALOG_COMPILER_APPICON_NAME = AppIcon;
				ASSETCATALOG_COMPILER_GLOBAL_ACCENT_COLOR_NAME = AccentColor;
				CODE_SIGN_STYLE = Automatic;
				CURRENT_PROJECT_VERSION = 1;
				DEVELOPMENT_TEAM = WXQ8GLHA2M;
				GENERATE_INFOPLIST_FILE = YES;
				INFOPLIST_FILE = desafioTableView/Info.plist;
				INFOPLIST_KEY_UIApplicationSupportsIndirectInputEvents = YES;
				INFOPLIST_KEY_UILaunchStoryboardName = LaunchScreen;
				INFOPLIST_KEY_UISupportedInterfaceOrientations_iPad = "UIInterfaceOrientationPortrait UIInterfaceOrientationPortraitUpsideDown UIInterfaceOrientationLandscapeLeft UIInterfaceOrientationLandscapeRight";
				INFOPLIST_KEY_UISupportedInterfaceOrientations_iPhone = "UIInterfaceOrientationPortrait UIInterfaceOrientationLandscapeLeft UIInterfaceOrientationLandscapeRight";
				LD_RUNPATH_SEARCH_PATHS = (
					"$(inherited)",
					"@executable_path/Frameworks",
				);
				MARKETING_VERSION = 1.0;
				PRODUCT_BUNDLE_IDENTIFIER = br.com.spedaLeticia.desafioTableView;
				PRODUCT_NAME = "$(TARGET_NAME)";
				SWIFT_EMIT_LOC_STRINGS = YES;
				SWIFT_VERSION = 5.0;
				TARGETED_DEVICE_FAMILY = "1,2";
			};
			name = Release;
		};
/* End XCBuildConfiguration section */

/* Begin XCConfigurationList section */
		E03490792AA23DC700F31E1D /* Build configuration list for PBXProject "desafioTableView" */ = {
			isa = XCConfigurationList;
			buildConfigurations = (
				E03490902AA23DC900F31E1D /* Debug */,
				E03490912AA23DC900F31E1D /* Release */,
			);
			defaultConfigurationIsVisible = 0;
			defaultConfigurationName = Release;
		};
		E03490922AA23DC900F31E1D /* Build configuration list for PBXNativeTarget "desafioTableView" */ = {
			isa = XCConfigurationList;
			buildConfigurations = (
				E03490932AA23DC900F31E1D /* Debug */,
				E03490942AA23DC900F31E1D /* Release */,
			);
			defaultConfigurationIsVisible = 0;
			defaultConfigurationName = Release;
		};
/* End XCConfigurationList section */
	};
	rootObject = E03490762AA23DC700F31E1D /* Project object */;
}
